
Microsoft Visual Studio Solution File, Format Version 12.00
# Visual Studio Version 17
VisualStudioVersion = 17.5.33530.505
MinimumVisualStudioVersion = 10.0.40219.1
Project("{FAE04EC0-301F-11D3-BF4B-00C04F79EFBC}") = "lab04", "lab04\lab04.csproj", "{24483108-2EAF-4D30-BEDD-DA6E5ACFB6C5}"
EndProject
Project("{2150E333-8FDC-42A3-9474-1A3956D46DE8}") = "Solution Items", "Solution Items", "{918B1F01-C40F-4743-AA22-800223744DAE}"
EndProject
Global
	GlobalSection(SolutionConfigurationPlatforms) = preSolution
		Debug|Any CPU = Debug|Any CPU
		Release|Any CPU = Release|Any CPU
	EndGlobalSection
	GlobalSection(ProjectConfigurationPlatforms) = postSolution
		{24483108-2EAF-4D30-BEDD-DA6E5ACFB6C5}.Debug|Any CPU.ActiveCfg = Debug|Any CPU
		{24483108-2EAF-4D30-BEDD-DA6E5ACFB6C5}.Debug|Any CPU.Build.0 = Debug|Any CPU
		{24483108-2EAF-4D30-BEDD-DA6E5ACFB6C5}.Release|Any CPU.ActiveCfg = Release|Any CPU
		{24483108-2EAF-4D30-BEDD-DA6E5ACFB6C5}.Release|Any CPU.Build.0 = Release|Any CPU
	EndGlobalSection
	GlobalSection(SolutionProperties) = preSolution
		HideSolutionNode = FALSE
	EndGlobalSection
	GlobalSection(ExtensibilityGlobals) = postSolution
		SolutionGuid = {BA196A9E-D53E-4AAD-9FA0-07F44F6ED850}
	EndGlobalSection
EndGlobal
