
Microsoft Visual Studio Solution File, Format Version 12.00
# Visual Studio Version 17
VisualStudioVersion = 17.5.33530.505
MinimumVisualStudioVersion = 10.0.40219.1
Project("{FAE04EC0-301F-11D3-BF4B-00C04F79EFBC}") = "lab4- 3rd", "lab4- 3rd\lab4- 3rd.csproj", "{4DC24F69-9568-41A0-A2F7-53E18B738188}"
EndProject
Global
	GlobalSection(SolutionConfigurationPlatforms) = preSolution
		Debug|Any CPU = Debug|Any CPU
		Release|Any CPU = Release|Any CPU
	EndGlobalSection
	GlobalSection(ProjectConfigurationPlatforms) = postSolution
		{4DC24F69-9568-41A0-A2F7-53E18B738188}.Debug|Any CPU.ActiveCfg = Debug|Any CPU
		{4DC24F69-9568-41A0-A2F7-53E18B738188}.Debug|Any CPU.Build.0 = Debug|Any CPU
		{4DC24F69-9568-41A0-A2F7-53E18B738188}.Release|Any CPU.ActiveCfg = Release|Any CPU
		{4DC24F69-9568-41A0-A2F7-53E18B738188}.Release|Any CPU.Build.0 = Release|Any CPU
	EndGlobalSection
	GlobalSection(SolutionProperties) = preSolution
		HideSolutionNode = FALSE
	EndGlobalSection
	GlobalSection(ExtensibilityGlobals) = postSolution
		SolutionGuid = {FABC48D5-04C4-44BC-94C1-1C1701A2BB37}
	EndGlobalSection
EndGlobal
