
Microsoft Visual Studio Solution File, Format Version 12.00
# Visual Studio Version 17
VisualStudioVersion = 17.5.33530.505
MinimumVisualStudioVersion = 10.0.40219.1
Project("{FAE04EC0-301F-11D3-BF4B-00C04F79EFBC}") = "lab05-Q6", "lab05-Q6\lab05-Q6.csproj", "{64D280A2-C9F5-4D88-9B53-A0196C195E64}"
EndProject
Global
	GlobalSection(SolutionConfigurationPlatforms) = preSolution
		Debug|Any CPU = Debug|Any CPU
		Release|Any CPU = Release|Any CPU
	EndGlobalSection
	GlobalSection(ProjectConfigurationPlatforms) = postSolution
		{64D280A2-C9F5-4D88-9B53-A0196C195E64}.Debug|Any CPU.ActiveCfg = Debug|Any CPU
		{64D280A2-C9F5-4D88-9B53-A0196C195E64}.Debug|Any CPU.Build.0 = Debug|Any CPU
		{64D280A2-C9F5-4D88-9B53-A0196C195E64}.Release|Any CPU.ActiveCfg = Release|Any CPU
		{64D280A2-C9F5-4D88-9B53-A0196C195E64}.Release|Any CPU.Build.0 = Release|Any CPU
	EndGlobalSection
	GlobalSection(SolutionProperties) = preSolution
		HideSolutionNode = FALSE
	EndGlobalSection
	GlobalSection(ExtensibilityGlobals) = postSolution
		SolutionGuid = {54630670-FE85-4C41-9A2C-62FB7D795F27}
	EndGlobalSection
EndGlobal
